
Microsoft Visual Studio Solution File, Format Version 12.00
#
Project("{FAE04EC0-301F-11D3-BF4B-00C04F79EFBC}") = "Testaufbau", "Testaufbau\Testaufbau.csproj", "{D7D611BC-74CF-40E4-8624-9C07EB5B04BA}"
EndProject
Project("{2150E333-8FDC-42A3-9474-1A3956D46DE8}") = "Clients", "Clients", "{2A4D2E39-7BD0-432C-9D8A-B4EED1EFF634}"
EndProject
Project("{FAE04EC0-301F-11D3-BF4B-00C04F79EFBC}") = "RestClient", "RestClient\RestClient.csproj", "{5D0CB724-67EA-4574-9DE3-62FD7FD902A1}"
EndProject
Project("{FAE04EC0-301F-11D3-BF4B-00C04F79EFBC}") = "GraphQLClient", "GraphQLClient\GraphQLClient.csproj", "{8ED4AC79-9241-4EEC-AE66-4EADFA9ED0B9}"
EndProject
Project("{2150E333-8FDC-42A3-9474-1A3956D46DE8}") = "Services", "Services", "{FB103A1E-B86F-4BCC-8A32-85E5D1A8DF89}"
EndProject
Project("{FAE04EC0-301F-11D3-BF4B-00C04F79EFBC}") = "GraphQlService", "GraphQlService\GraphQlService.csproj", "{4F230009-5FD9-4C72-8564-D7A52889CFCB}"
EndProject
Project("{FAE04EC0-301F-11D3-BF4B-00C04F79EFBC}") = "GrpcService", "GrpcService\GrpcService.csproj", "{43AE4DD6-9CC0-4A2E-9DF9-BAA5525ED243}"
EndProject
Project("{FAE04EC0-301F-11D3-BF4B-00C04F79EFBC}") = "GrpcClient", "GrpcClient\GrpcClient.csproj", "{F977CDBC-0D96-4B23-B0C0-FF7CA8B39BDE}"
EndProject
Project("{FAE04EC0-301F-11D3-BF4B-00C04F79EFBC}") = "RestService", "RestService\RestService.csproj", "{E09BEA7A-A60E-4884-929D-B73C15C355A3}"
EndProject
Project("{2150E333-8FDC-42A3-9474-1A3956D46DE8}") = "Benchmarking", "Benchmarking", "{F7433E1D-A897-4710-8045-F74A5F3558C9}"
EndProject
Project("{FAE04EC0-301F-11D3-BF4B-00C04F79EFBC}") = "SerializationBenchmarks", "SerializationBenchmarks\SerializationBenchmarks.csproj", "{064D0B3E-48DA-4AA9-8B07-0B506444BAFE}"
EndProject
Global
	GlobalSection(SolutionConfigurationPlatforms) = preSolution
		Debug|Any CPU = Debug|Any CPU
		Release|Any CPU = Release|Any CPU
	EndGlobalSection
	GlobalSection(ProjectConfigurationPlatforms) = postSolution
		{D7D611BC-74CF-40E4-8624-9C07EB5B04BA}.Debug|Any CPU.ActiveCfg = Debug|Any CPU
		{D7D611BC-74CF-40E4-8624-9C07EB5B04BA}.Debug|Any CPU.Build.0 = Debug|Any CPU
		{D7D611BC-74CF-40E4-8624-9C07EB5B04BA}.Release|Any CPU.ActiveCfg = Release|Any CPU
		{D7D611BC-74CF-40E4-8624-9C07EB5B04BA}.Release|Any CPU.Build.0 = Release|Any CPU
		{5D0CB724-67EA-4574-9DE3-62FD7FD902A1}.Debug|Any CPU.ActiveCfg = Debug|Any CPU
		{5D0CB724-67EA-4574-9DE3-62FD7FD902A1}.Debug|Any CPU.Build.0 = Debug|Any CPU
		{5D0CB724-67EA-4574-9DE3-62FD7FD902A1}.Release|Any CPU.ActiveCfg = Release|Any CPU
		{5D0CB724-67EA-4574-9DE3-62FD7FD902A1}.Release|Any CPU.Build.0 = Release|Any CPU
		{8ED4AC79-9241-4EEC-AE66-4EADFA9ED0B9}.Debug|Any CPU.ActiveCfg = Debug|Any CPU
		{8ED4AC79-9241-4EEC-AE66-4EADFA9ED0B9}.Debug|Any CPU.Build.0 = Debug|Any CPU
		{8ED4AC79-9241-4EEC-AE66-4EADFA9ED0B9}.Release|Any CPU.ActiveCfg = Release|Any CPU
		{8ED4AC79-9241-4EEC-AE66-4EADFA9ED0B9}.Release|Any CPU.Build.0 = Release|Any CPU
		{4F230009-5FD9-4C72-8564-D7A52889CFCB}.Debug|Any CPU.ActiveCfg = Debug|Any CPU
		{4F230009-5FD9-4C72-8564-D7A52889CFCB}.Debug|Any CPU.Build.0 = Debug|Any CPU
		{4F230009-5FD9-4C72-8564-D7A52889CFCB}.Release|Any CPU.ActiveCfg = Release|Any CPU
		{4F230009-5FD9-4C72-8564-D7A52889CFCB}.Release|Any CPU.Build.0 = Release|Any CPU
		{43AE4DD6-9CC0-4A2E-9DF9-BAA5525ED243}.Debug|Any CPU.ActiveCfg = Debug|Any CPU
		{43AE4DD6-9CC0-4A2E-9DF9-BAA5525ED243}.Debug|Any CPU.Build.0 = Debug|Any CPU
		{43AE4DD6-9CC0-4A2E-9DF9-BAA5525ED243}.Release|Any CPU.ActiveCfg = Release|Any CPU
		{43AE4DD6-9CC0-4A2E-9DF9-BAA5525ED243}.Release|Any CPU.Build.0 = Release|Any CPU
		{F977CDBC-0D96-4B23-B0C0-FF7CA8B39BDE}.Debug|Any CPU.ActiveCfg = Debug|Any CPU
		{F977CDBC-0D96-4B23-B0C0-FF7CA8B39BDE}.Debug|Any CPU.Build.0 = Debug|Any CPU
		{F977CDBC-0D96-4B23-B0C0-FF7CA8B39BDE}.Release|Any CPU.ActiveCfg = Release|Any CPU
		{F977CDBC-0D96-4B23-B0C0-FF7CA8B39BDE}.Release|Any CPU.Build.0 = Release|Any CPU
		{E09BEA7A-A60E-4884-929D-B73C15C355A3}.Debug|Any CPU.ActiveCfg = Debug|Any CPU
		{E09BEA7A-A60E-4884-929D-B73C15C355A3}.Debug|Any CPU.Build.0 = Debug|Any CPU
		{E09BEA7A-A60E-4884-929D-B73C15C355A3}.Release|Any CPU.ActiveCfg = Release|Any CPU
		{E09BEA7A-A60E-4884-929D-B73C15C355A3}.Release|Any CPU.Build.0 = Release|Any CPU
		{064D0B3E-48DA-4AA9-8B07-0B506444BAFE}.Debug|Any CPU.ActiveCfg = Debug|Any CPU
		{064D0B3E-48DA-4AA9-8B07-0B506444BAFE}.Debug|Any CPU.Build.0 = Debug|Any CPU
		{064D0B3E-48DA-4AA9-8B07-0B506444BAFE}.Release|Any CPU.ActiveCfg = Release|Any CPU
		{064D0B3E-48DA-4AA9-8B07-0B506444BAFE}.Release|Any CPU.Build.0 = Release|Any CPU
	EndGlobalSection
	GlobalSection(NestedProjects) = preSolution
		{5D0CB724-67EA-4574-9DE3-62FD7FD902A1} = {2A4D2E39-7BD0-432C-9D8A-B4EED1EFF634}
		{8ED4AC79-9241-4EEC-AE66-4EADFA9ED0B9} = {2A4D2E39-7BD0-432C-9D8A-B4EED1EFF634}
		{4F230009-5FD9-4C72-8564-D7A52889CFCB} = {FB103A1E-B86F-4BCC-8A32-85E5D1A8DF89}
		{43AE4DD6-9CC0-4A2E-9DF9-BAA5525ED243} = {FB103A1E-B86F-4BCC-8A32-85E5D1A8DF89}
		{F977CDBC-0D96-4B23-B0C0-FF7CA8B39BDE} = {2A4D2E39-7BD0-432C-9D8A-B4EED1EFF634}
		{E09BEA7A-A60E-4884-929D-B73C15C355A3} = {FB103A1E-B86F-4BCC-8A32-85E5D1A8DF89}
		{064D0B3E-48DA-4AA9-8B07-0B506444BAFE} = {F7433E1D-A897-4710-8045-F74A5F3558C9}
	EndGlobalSection
EndGlobal
